
Microsoft Visual Studio Solution File, Format Version 12.00
# Visual Studio 15
VisualStudioVersion = 15.0.28307.1062
MinimumVisualStudioVersion = 10.0.40219.1
Project("{FAE04EC0-301F-11D3-BF4B-00C04F79EFBC}") = "lab2", "lab2\lab2.csproj", "{28580B8C-8EFB-4ADE-8EA6-A71C10D761DF}"
EndProject
Global
	GlobalSection(SolutionConfigurationPlatforms) = preSolution
		Debug|Any CPU = Debug|Any CPU
		Debug|x64 = Debug|x64
		Release|Any CPU = Release|Any CPU
		Release|x64 = Release|x64
	EndGlobalSection
	GlobalSection(ProjectConfigurationPlatforms) = postSolution
		{28580B8C-8EFB-4ADE-8EA6-A71C10D761DF}.Debug|Any CPU.ActiveCfg = Debug|Any CPU
		{28580B8C-8EFB-4ADE-8EA6-A71C10D761DF}.Debug|Any CPU.Build.0 = Debug|Any CPU
		{28580B8C-8EFB-4ADE-8EA6-A71C10D761DF}.Debug|x64.ActiveCfg = Debug|x64
		{28580B8C-8EFB-4ADE-8EA6-A71C10D761DF}.Debug|x64.Build.0 = Debug|x64
		{28580B8C-8EFB-4ADE-8EA6-A71C10D761DF}.Release|Any CPU.ActiveCfg = Release|Any CPU
		{28580B8C-8EFB-4ADE-8EA6-A71C10D761DF}.Release|Any CPU.Build.0 = Release|Any CPU
		{28580B8C-8EFB-4ADE-8EA6-A71C10D761DF}.Release|x64.ActiveCfg = Release|x64
		{28580B8C-8EFB-4ADE-8EA6-A71C10D761DF}.Release|x64.Build.0 = Release|x64
	EndGlobalSection
	GlobalSection(SolutionProperties) = preSolution
		HideSolutionNode = FALSE
	EndGlobalSection
	GlobalSection(ExtensibilityGlobals) = postSolution
		SolutionGuid = {4414F036-481F-4BE9-8290-B857B6EBC516}
	EndGlobalSection
EndGlobal
